// !$*UTF8*$!
{
	archiveVersion = 1;
	classes = {
	};
	objectVersion = 56;
	objects = {

/* Begin PBXBuildFile section */
		994279D42B6B4086008A8A91 /* AppDelegate.swift in Sources */ = {isa = PBXBuildFile; fileRef = 994279D32B6B4086008A8A91 /* AppDelegate.swift */; };
		994279D62B6B4086008A8A91 /* SceneDelegate.swift in Sources */ = {isa = PBXBuildFile; fileRef = 994279D52B6B4086008A8A91 /* SceneDelegate.swift */; };
		994279D82B6B4086008A8A91 /* FilmsListViewController.swift in Sources */ = {isa = PBXBuildFile; fileRef = 994279D72B6B4086008A8A91 /* FilmsListViewController.swift */; };
		994279DB2B6B4086008A8A91 /* Main.storyboard in Resources */ = {isa = PBXBuildFile; fileRef = 994279D92B6B4086008A8A91 /* Main.storyboard */; };
		994279DD2B6B408A008A8A91 /* Assets.xcassets in Resources */ = {isa = PBXBuildFile; fileRef = 994279DC2B6B408A008A8A91 /* Assets.xcassets */; };
		994279E02B6B408A008A8A91 /* LaunchScreen.storyboard in Resources */ = {isa = PBXBuildFile; fileRef = 994279DE2B6B408A008A8A91 /* LaunchScreen.storyboard */; };
		994279EB2B6B408A008A8A91 /* KinopoiskClientTests.swift in Sources */ = {isa = PBXBuildFile; fileRef = 994279EA2B6B408A008A8A91 /* KinopoiskClientTests.swift */; };
		99427A0A2B6B4458008A8A91 /* FilmResponse.swift in Sources */ = {isa = PBXBuildFile; fileRef = 99427A092B6B4458008A8A91 /* FilmResponse.swift */; };
		99427A0C2B6B446B008A8A91 /* FilmsMapper.swift in Sources */ = {isa = PBXBuildFile; fileRef = 99427A0B2B6B446B008A8A91 /* FilmsMapper.swift */; };
		99427A0F2B6B4491008A8A91 /* ServiceError.swift in Sources */ = {isa = PBXBuildFile; fileRef = 99427A0E2B6B4491008A8A91 /* ServiceError.swift */; };
		99427A142B6B4565008A8A91 /* URLSessionHTTPClient.swift in Sources */ = {isa = PBXBuildFile; fileRef = 99427A122B6B4565008A8A91 /* URLSessionHTTPClient.swift */; };
		99427A152B6B4565008A8A91 /* HTTPClient.swift in Sources */ = {isa = PBXBuildFile; fileRef = 99427A132B6B4565008A8A91 /* HTTPClient.swift */; };
		99427A182B6B459E008A8A91 /* HTTPURLResponse+StatusCode.swift in Sources */ = {isa = PBXBuildFile; fileRef = 99427A172B6B459E008A8A91 /* HTTPURLResponse+StatusCode.swift */; };
		99427A1A2B6B464A008A8A91 /* Film.swift in Sources */ = {isa = PBXBuildFile; fileRef = 99427A192B6B464A008A8A91 /* Film.swift */; };
		99427A1D2B6B46DB008A8A91 /* FilmCellViewModel.swift in Sources */ = {isa = PBXBuildFile; fileRef = 99427A1C2B6B46DB008A8A91 /* FilmCellViewModel.swift */; };
		99427A1F2B6B4701008A8A91 /* FilmCellView.swift in Sources */ = {isa = PBXBuildFile; fileRef = 99427A1E2B6B4701008A8A91 /* FilmCellView.swift */; };
		99427A212B6B4744008A8A91 /* FilmsListViewModel.swift in Sources */ = {isa = PBXBuildFile; fileRef = 99427A202B6B4744008A8A91 /* FilmsListViewModel.swift */; };
		99427A252B6B4CAF008A8A91 /* RemoteFilmsService.swift in Sources */ = {isa = PBXBuildFile; fileRef = 99427A242B6B4CAF008A8A91 /* RemoteFilmsService.swift */; };
		99427A282B6B4CE0008A8A91 /* FilmsService.swift in Sources */ = {isa = PBXBuildFile; fileRef = 99427A272B6B4CE0008A8A91 /* FilmsService.swift */; };
		99427A2A2B6B4FFC008A8A91 /* KinopoiskDefaults.swift in Sources */ = {isa = PBXBuildFile; fileRef = 99427A292B6B4FFC008A8A91 /* KinopoiskDefaults.swift */; };
		99427A2C2B6B500A008A8A91 /* FilmsAPIEndpoint.swift in Sources */ = {isa = PBXBuildFile; fileRef = 99427A2B2B6B500A008A8A91 /* FilmsAPIEndpoint.swift */; };
		99427A2F2B6B5026008A8A91 /* APIKeyReader.swift in Sources */ = {isa = PBXBuildFile; fileRef = 99427A2D2B6B5026008A8A91 /* APIKeyReader.swift */; };
		99427A302B6B5026008A8A91 /* APIKey.plist in Resources */ = {isa = PBXBuildFile; fileRef = 99427A2E2B6B5026008A8A91 /* APIKey.plist */; };
		99427A362B6B50DB008A8A91 /* SearchFilmsRequest.swift in Sources */ = {isa = PBXBuildFile; fileRef = 99427A322B6B50DB008A8A91 /* SearchFilmsRequest.swift */; };
		99427A372B6B50DB008A8A91 /* FilmsRequest.swift in Sources */ = {isa = PBXBuildFile; fileRef = 99427A332B6B50DB008A8A91 /* FilmsRequest.swift */; };
		99427A382B6B50DB008A8A91 /* CompactDictionaryRepresentable.swift in Sources */ = {isa = PBXBuildFile; fileRef = 99427A352B6B50DB008A8A91 /* CompactDictionaryRepresentable.swift */; };
		99427A3B2B6B6493008A8A91 /* FilmsServiceEndToEndTests.swift in Sources */ = {isa = PBXBuildFile; fileRef = 99427A392B6B6493008A8A91 /* FilmsServiceEndToEndTests.swift */; };
		99427A3F2B6B653F008A8A91 /* XCTestCase+MemoryLeakTracking.swift in Sources */ = {isa = PBXBuildFile; fileRef = 99427A3E2B6B653F008A8A91 /* XCTestCase+MemoryLeakTracking.swift */; };
		99427A442B6B82AE008A8A91 /* RemoteImageLoader.swift in Sources */ = {isa = PBXBuildFile; fileRef = 99427A432B6B82AE008A8A91 /* RemoteImageLoader.swift */; };
		99427A492B6CBC38008A8A91 /* CacheImageLoader.swift in Sources */ = {isa = PBXBuildFile; fileRef = 99427A482B6CBC38008A8A91 /* CacheImageLoader.swift */; };
		99427A4C2B6CBC68008A8A91 /* FileCache.swift in Sources */ = {isa = PBXBuildFile; fileRef = 99427A4B2B6CBC68008A8A91 /* FileCache.swift */; };
		99427A4E2B6CDF22008A8A91 /* SharedTestHelpers.swift in Sources */ = {isa = PBXBuildFile; fileRef = 99427A4D2B6CDF21008A8A91 /* SharedTestHelpers.swift */; };
		99427A542B6CDF38008A8A91 /* HTTPClientSpy.swift in Sources */ = {isa = PBXBuildFile; fileRef = 99427A502B6CDF37008A8A91 /* HTTPClientSpy.swift */; };
		99427A552B6CDF38008A8A91 /* URLProtocolStub.swift in Sources */ = {isa = PBXBuildFile; fileRef = 99427A512B6CDF37008A8A91 /* URLProtocolStub.swift */; };
		99427A562B6CDF38008A8A91 /* MockFileCache.swift in Sources */ = {isa = PBXBuildFile; fileRef = 99427A522B6CDF37008A8A91 /* MockFileCache.swift */; };
		99427A572B6CDF38008A8A91 /* ImageLoaderSpy.swift in Sources */ = {isa = PBXBuildFile; fileRef = 99427A532B6CDF37008A8A91 /* ImageLoaderSpy.swift */; };
		99427A592B6CDF79008A8A91 /* CacheImageLoaderTests.swift in Sources */ = {isa = PBXBuildFile; fileRef = 99427A582B6CDF79008A8A91 /* CacheImageLoaderTests.swift */; };
/* End PBXBuildFile section */

/* Begin PBXContainerItemProxy section */
		994279E72B6B408A008A8A91 /* PBXContainerItemProxy */ = {
			isa = PBXContainerItemProxy;
			containerPortal = 994279C82B6B4086008A8A91 /* Project object */;
			proxyType = 1;
			remoteGlobalIDString = 994279CF2B6B4086008A8A91;
			remoteInfo = KinopoiskClient;
		};
/* End PBXContainerItemProxy section */

/* Begin PBXFileReference section */
		994279D02B6B4086008A8A91 /* KinopoiskClient.app */ = {isa = PBXFileReference; explicitFileType = wrapper.application; includeInIndex = 0; path = KinopoiskClient.app; sourceTree = BUILT_PRODUCTS_DIR; };
		994279D32B6B4086008A8A91 /* AppDelegate.swift */ = {isa = PBXFileReference; lastKnownFileType = sourcecode.swift; path = AppDelegate.swift; sourceTree = "<group>"; };
		994279D52B6B4086008A8A91 /* SceneDelegate.swift */ = {isa = PBXFileReference; lastKnownFileType = sourcecode.swift; path = SceneDelegate.swift; sourceTree = "<group>"; };
		994279D72B6B4086008A8A91 /* FilmsListViewController.swift */ = {isa = PBXFileReference; lastKnownFileType = sourcecode.swift; path = FilmsListViewController.swift; sourceTree = "<group>"; };
		994279DA2B6B4086008A8A91 /* Base */ = {isa = PBXFileReference; lastKnownFileType = file.storyboard; name = Base; path = Base.lproj/Main.storyboard; sourceTree = "<group>"; };
		994279DC2B6B408A008A8A91 /* Assets.xcassets */ = {isa = PBXFileReference; lastKnownFileType = folder.assetcatalog; path = Assets.xcassets; sourceTree = "<group>"; };
		994279DF2B6B408A008A8A91 /* Base */ = {isa = PBXFileReference; lastKnownFileType = file.storyboard; name = Base; path = Base.lproj/LaunchScreen.storyboard; sourceTree = "<group>"; };
		994279E12B6B408A008A8A91 /* Info.plist */ = {isa = PBXFileReference; lastKnownFileType = text.plist.xml; path = Info.plist; sourceTree = "<group>"; };
		994279E62B6B408A008A8A91 /* KinopoiskClientTests.xctest */ = {isa = PBXFileReference; explicitFileType = wrapper.cfbundle; includeInIndex = 0; path = KinopoiskClientTests.xctest; sourceTree = BUILT_PRODUCTS_DIR; };
		994279EA2B6B408A008A8A91 /* KinopoiskClientTests.swift */ = {isa = PBXFileReference; lastKnownFileType = sourcecode.swift; path = KinopoiskClientTests.swift; sourceTree = "<group>"; };
		99427A092B6B4458008A8A91 /* FilmResponse.swift */ = {isa = PBXFileReference; fileEncoding = 4; lastKnownFileType = sourcecode.swift; path = FilmResponse.swift; sourceTree = "<group>"; };
		99427A0B2B6B446B008A8A91 /* FilmsMapper.swift */ = {isa = PBXFileReference; fileEncoding = 4; lastKnownFileType = sourcecode.swift; path = FilmsMapper.swift; sourceTree = "<group>"; };
		99427A0E2B6B4491008A8A91 /* ServiceError.swift */ = {isa = PBXFileReference; fileEncoding = 4; lastKnownFileType = sourcecode.swift; path = ServiceError.swift; sourceTree = "<group>"; };
		99427A122B6B4565008A8A91 /* URLSessionHTTPClient.swift */ = {isa = PBXFileReference; fileEncoding = 4; lastKnownFileType = sourcecode.swift; path = URLSessionHTTPClient.swift; sourceTree = "<group>"; };
		99427A132B6B4565008A8A91 /* HTTPClient.swift */ = {isa = PBXFileReference; fileEncoding = 4; lastKnownFileType = sourcecode.swift; path = HTTPClient.swift; sourceTree = "<group>"; };
		99427A172B6B459E008A8A91 /* HTTPURLResponse+StatusCode.swift */ = {isa = PBXFileReference; fileEncoding = 4; lastKnownFileType = sourcecode.swift; path = "HTTPURLResponse+StatusCode.swift"; sourceTree = "<group>"; };
		99427A192B6B464A008A8A91 /* Film.swift */ = {isa = PBXFileReference; lastKnownFileType = sourcecode.swift; path = Film.swift; sourceTree = "<group>"; };
		99427A1C2B6B46DB008A8A91 /* FilmCellViewModel.swift */ = {isa = PBXFileReference; lastKnownFileType = sourcecode.swift; path = FilmCellViewModel.swift; sourceTree = "<group>"; };
		99427A1E2B6B4701008A8A91 /* FilmCellView.swift */ = {isa = PBXFileReference; lastKnownFileType = sourcecode.swift; path = FilmCellView.swift; sourceTree = "<group>"; };
		99427A202B6B4744008A8A91 /* FilmsListViewModel.swift */ = {isa = PBXFileReference; lastKnownFileType = sourcecode.swift; path = FilmsListViewModel.swift; sourceTree = "<group>"; };
		99427A242B6B4CAF008A8A91 /* RemoteFilmsService.swift */ = {isa = PBXFileReference; fileEncoding = 4; lastKnownFileType = sourcecode.swift; path = RemoteFilmsService.swift; sourceTree = "<group>"; };
		99427A272B6B4CE0008A8A91 /* FilmsService.swift */ = {isa = PBXFileReference; fileEncoding = 4; lastKnownFileType = sourcecode.swift; path = FilmsService.swift; sourceTree = "<group>"; };
		99427A292B6B4FFC008A8A91 /* KinopoiskDefaults.swift */ = {isa = PBXFileReference; fileEncoding = 4; lastKnownFileType = sourcecode.swift; path = KinopoiskDefaults.swift; sourceTree = "<group>"; };
		99427A2B2B6B500A008A8A91 /* FilmsAPIEndpoint.swift */ = {isa = PBXFileReference; fileEncoding = 4; lastKnownFileType = sourcecode.swift; path = FilmsAPIEndpoint.swift; sourceTree = "<group>"; };
		99427A2D2B6B5026008A8A91 /* APIKeyReader.swift */ = {isa = PBXFileReference; fileEncoding = 4; lastKnownFileType = sourcecode.swift; path = APIKeyReader.swift; sourceTree = "<group>"; };
		99427A2E2B6B5026008A8A91 /* APIKey.plist */ = {isa = PBXFileReference; fileEncoding = 4; lastKnownFileType = text.plist.xml; path = APIKey.plist; sourceTree = "<group>"; };
		99427A322B6B50DB008A8A91 /* SearchFilmsRequest.swift */ = {isa = PBXFileReference; fileEncoding = 4; lastKnownFileType = sourcecode.swift; path = SearchFilmsRequest.swift; sourceTree = "<group>"; };
		99427A332B6B50DB008A8A91 /* FilmsRequest.swift */ = {isa = PBXFileReference; fileEncoding = 4; lastKnownFileType = sourcecode.swift; path = FilmsRequest.swift; sourceTree = "<group>"; };
		99427A352B6B50DB008A8A91 /* CompactDictionaryRepresentable.swift */ = {isa = PBXFileReference; fileEncoding = 4; lastKnownFileType = sourcecode.swift; path = CompactDictionaryRepresentable.swift; sourceTree = "<group>"; };
		99427A392B6B6493008A8A91 /* FilmsServiceEndToEndTests.swift */ = {isa = PBXFileReference; fileEncoding = 4; lastKnownFileType = sourcecode.swift; path = FilmsServiceEndToEndTests.swift; sourceTree = "<group>"; };
		99427A3E2B6B653F008A8A91 /* XCTestCase+MemoryLeakTracking.swift */ = {isa = PBXFileReference; fileEncoding = 4; lastKnownFileType = sourcecode.swift; path = "XCTestCase+MemoryLeakTracking.swift"; sourceTree = "<group>"; };
		99427A422B6B6642008A8A91 /* KinopoiskClient.xctestplan */ = {isa = PBXFileReference; lastKnownFileType = text; path = KinopoiskClient.xctestplan; sourceTree = "<group>"; };
		99427A432B6B82AE008A8A91 /* RemoteImageLoader.swift */ = {isa = PBXFileReference; lastKnownFileType = sourcecode.swift; path = RemoteImageLoader.swift; sourceTree = "<group>"; };
		99427A482B6CBC38008A8A91 /* CacheImageLoader.swift */ = {isa = PBXFileReference; lastKnownFileType = sourcecode.swift; path = CacheImageLoader.swift; sourceTree = "<group>"; };
		99427A4B2B6CBC68008A8A91 /* FileCache.swift */ = {isa = PBXFileReference; lastKnownFileType = sourcecode.swift; path = FileCache.swift; sourceTree = "<group>"; };
		99427A4D2B6CDF21008A8A91 /* SharedTestHelpers.swift */ = {isa = PBXFileReference; fileEncoding = 4; lastKnownFileType = sourcecode.swift; path = SharedTestHelpers.swift; sourceTree = "<group>"; };
		99427A502B6CDF37008A8A91 /* HTTPClientSpy.swift */ = {isa = PBXFileReference; fileEncoding = 4; lastKnownFileType = sourcecode.swift; path = HTTPClientSpy.swift; sourceTree = "<group>"; };
		99427A512B6CDF37008A8A91 /* URLProtocolStub.swift */ = {isa = PBXFileReference; fileEncoding = 4; lastKnownFileType = sourcecode.swift; path = URLProtocolStub.swift; sourceTree = "<group>"; };
		99427A522B6CDF37008A8A91 /* MockFileCache.swift */ = {isa = PBXFileReference; fileEncoding = 4; lastKnownFileType = sourcecode.swift; path = MockFileCache.swift; sourceTree = "<group>"; };
		99427A532B6CDF37008A8A91 /* ImageLoaderSpy.swift */ = {isa = PBXFileReference; fileEncoding = 4; lastKnownFileType = sourcecode.swift; path = ImageLoaderSpy.swift; sourceTree = "<group>"; };
		99427A582B6CDF79008A8A91 /* CacheImageLoaderTests.swift */ = {isa = PBXFileReference; lastKnownFileType = sourcecode.swift; path = CacheImageLoaderTests.swift; sourceTree = "<group>"; };
/* End PBXFileReference section */

/* Begin PBXFrameworksBuildPhase section */
		994279CD2B6B4086008A8A91 /* Frameworks */ = {
			isa = PBXFrameworksBuildPhase;
			buildActionMask = 2147483647;
			files = (
			);
			runOnlyForDeploymentPostprocessing = 0;
		};
		994279E32B6B408A008A8A91 /* Frameworks */ = {
			isa = PBXFrameworksBuildPhase;
			buildActionMask = 2147483647;
			files = (
			);
			runOnlyForDeploymentPostprocessing = 0;
		};
/* End PBXFrameworksBuildPhase section */

/* Begin PBXGroup section */
		994279C72B6B4086008A8A91 = {
			isa = PBXGroup;
			children = (
				994279D22B6B4086008A8A91 /* KinopoiskClient */,
				994279E92B6B408A008A8A91 /* KinopoiskClientTests */,
				994279D12B6B4086008A8A91 /* Products */,
			);
			sourceTree = "<group>";
		};
		994279D12B6B4086008A8A91 /* Products */ = {
			isa = PBXGroup;
			children = (
				994279D02B6B4086008A8A91 /* KinopoiskClient.app */,
				994279E62B6B408A008A8A91 /* KinopoiskClientTests.xctest */,
			);
			name = Products;
			sourceTree = "<group>";
		};
		994279D22B6B4086008A8A91 /* KinopoiskClient */ = {
			isa = PBXGroup;
			children = (
				99427A072B6B441B008A8A91 /* Model */,
				99427A062B6B4411008A8A91 /* DataService */,
				99427A052B6B4189008A8A91 /* FilmsList */,
				99427A032B6B415D008A8A91 /* UI */,
				99427A042B6B416F008A8A91 /* General */,
			);
			path = KinopoiskClient;
			sourceTree = "<group>";
		};
		994279E92B6B408A008A8A91 /* KinopoiskClientTests */ = {
			isa = PBXGroup;
			children = (
				99427A422B6B6642008A8A91 /* KinopoiskClient.xctestplan */,
				99427A402B6B6544008A8A91 /* UnitTests */,
				99427A3D2B6B6533008A8A91 /* Helpers */,
				99427A412B6B6576008A8A91 /* EndToEnd */,
			);
			path = KinopoiskClientTests;
			sourceTree = "<group>";
		};
		99427A032B6B415D008A8A91 /* UI */ = {
			isa = PBXGroup;
			children = (
				994279D92B6B4086008A8A91 /* Main.storyboard */,
			);
			path = UI;
			sourceTree = "<group>";
		};
		99427A042B6B416F008A8A91 /* General */ = {
			isa = PBXGroup;
			children = (
				994279D32B6B4086008A8A91 /* AppDelegate.swift */,
				994279D52B6B4086008A8A91 /* SceneDelegate.swift */,
				994279DC2B6B408A008A8A91 /* Assets.xcassets */,
				994279DE2B6B408A008A8A91 /* LaunchScreen.storyboard */,
				994279E12B6B408A008A8A91 /* Info.plist */,
			);
			path = General;
			sourceTree = "<group>";
		};
		99427A052B6B4189008A8A91 /* FilmsList */ = {
			isa = PBXGroup;
			children = (
				99427A1B2B6B46BA008A8A91 /* Cell */,
				994279D72B6B4086008A8A91 /* FilmsListViewController.swift */,
				99427A202B6B4744008A8A91 /* FilmsListViewModel.swift */,
			);
			path = FilmsList;
			sourceTree = "<group>";
		};
		99427A062B6B4411008A8A91 /* DataService */ = {
			isa = PBXGroup;
			children = (
				99427A312B6B50DB008A8A91 /* Requests */,
				99427A082B6B442C008A8A91 /* ResponseModel */,
				99427A232B6B4C7C008A8A91 /* Workers */,
				99427A222B6B4C3D008A8A91 /* APISettings */,
				99427A112B6B4565008A8A91 /* HTTP */,
				99427A0D2B6B4491008A8A91 /* ErrorsHandling */,
			);
			path = DataService;
			sourceTree = "<group>";
		};
		99427A072B6B441B008A8A91 /* Model */ = {
			isa = PBXGroup;
			children = (
				99427A192B6B464A008A8A91 /* Film.swift */,
			);
			path = Model;
			sourceTree = "<group>";
		};
		99427A082B6B442C008A8A91 /* ResponseModel */ = {
			isa = PBXGroup;
			children = (
				99427A162B6B459E008A8A91 /* Helpers */,
				99427A092B6B4458008A8A91 /* FilmResponse.swift */,
				99427A0B2B6B446B008A8A91 /* FilmsMapper.swift */,
			);
			path = ResponseModel;
			sourceTree = "<group>";
		};
		99427A0D2B6B4491008A8A91 /* ErrorsHandling */ = {
			isa = PBXGroup;
			children = (
				99427A0E2B6B4491008A8A91 /* ServiceError.swift */,
			);
			path = ErrorsHandling;
			sourceTree = "<group>";
		};
		99427A112B6B4565008A8A91 /* HTTP */ = {
			isa = PBXGroup;
			children = (
				99427A122B6B4565008A8A91 /* URLSessionHTTPClient.swift */,
				99427A132B6B4565008A8A91 /* HTTPClient.swift */,
			);
			path = HTTP;
			sourceTree = "<group>";
		};
		99427A162B6B459E008A8A91 /* Helpers */ = {
			isa = PBXGroup;
			children = (
				99427A172B6B459E008A8A91 /* HTTPURLResponse+StatusCode.swift */,
			);
			path = Helpers;
			sourceTree = "<group>";
		};
		99427A1B2B6B46BA008A8A91 /* Cell */ = {
			isa = PBXGroup;
			children = (
				99427A1C2B6B46DB008A8A91 /* FilmCellViewModel.swift */,
				99427A1E2B6B4701008A8A91 /* FilmCellView.swift */,
			);
			path = Cell;
			sourceTree = "<group>";
		};
		99427A222B6B4C3D008A8A91 /* APISettings */ = {
			isa = PBXGroup;
			children = (
				99427A2E2B6B5026008A8A91 /* APIKey.plist */,
				99427A2D2B6B5026008A8A91 /* APIKeyReader.swift */,
				99427A2B2B6B500A008A8A91 /* FilmsAPIEndpoint.swift */,
				99427A292B6B4FFC008A8A91 /* KinopoiskDefaults.swift */,
			);
			path = APISettings;
			sourceTree = "<group>";
		};
		99427A232B6B4C7C008A8A91 /* Workers */ = {
			isa = PBXGroup;
			children = (
				99427A4A2B6CBC5B008A8A91 /* Tools */,
				99427A262B6B4CE0008A8A91 /* Base */,
				99427A242B6B4CAF008A8A91 /* RemoteFilmsService.swift */,
				99427A432B6B82AE008A8A91 /* RemoteImageLoader.swift */,
				99427A482B6CBC38008A8A91 /* CacheImageLoader.swift */,
			);
			path = Workers;
			sourceTree = "<group>";
		};
		99427A262B6B4CE0008A8A91 /* Base */ = {
			isa = PBXGroup;
			children = (
				99427A272B6B4CE0008A8A91 /* FilmsService.swift */,
			);
			path = Base;
			sourceTree = "<group>";
		};
		99427A312B6B50DB008A8A91 /* Requests */ = {
			isa = PBXGroup;
			children = (
				99427A342B6B50DB008A8A91 /* Helpers */,
				99427A322B6B50DB008A8A91 /* SearchFilmsRequest.swift */,
				99427A332B6B50DB008A8A91 /* FilmsRequest.swift */,
			);
			path = Requests;
			sourceTree = "<group>";
		};
		99427A342B6B50DB008A8A91 /* Helpers */ = {
			isa = PBXGroup;
			children = (
				99427A352B6B50DB008A8A91 /* CompactDictionaryRepresentable.swift */,
			);
			path = Helpers;
			sourceTree = "<group>";
		};
		99427A3D2B6B6533008A8A91 /* Helpers */ = {
			isa = PBXGroup;
			children = (
				99427A4D2B6CDF21008A8A91 /* SharedTestHelpers.swift */,
				99427A3E2B6B653F008A8A91 /* XCTestCase+MemoryLeakTracking.swift */,
			);
			path = Helpers;
			sourceTree = "<group>";
		};
		99427A402B6B6544008A8A91 /* UnitTests */ = {
			isa = PBXGroup;
			children = (
				99427A4F2B6CDF37008A8A91 /* Mocks */,
				994279EA2B6B408A008A8A91 /* KinopoiskClientTests.swift */,
				99427A582B6CDF79008A8A91 /* CacheImageLoaderTests.swift */,
			);
			path = UnitTests;
			sourceTree = "<group>";
		};
		99427A412B6B6576008A8A91 /* EndToEnd */ = {
			isa = PBXGroup;
			children = (
				99427A392B6B6493008A8A91 /* FilmsServiceEndToEndTests.swift */,
			);
			path = EndToEnd;
			sourceTree = "<group>";
		};
		99427A4A2B6CBC5B008A8A91 /* Tools */ = {
			isa = PBXGroup;
			children = (
				99427A4B2B6CBC68008A8A91 /* FileCache.swift */,
			);
			path = Tools;
			sourceTree = "<group>";
		};
		99427A4F2B6CDF37008A8A91 /* Mocks */ = {
			isa = PBXGroup;
			children = (
				99427A502B6CDF37008A8A91 /* HTTPClientSpy.swift */,
				99427A512B6CDF37008A8A91 /* URLProtocolStub.swift */,
				99427A522B6CDF37008A8A91 /* MockFileCache.swift */,
				99427A532B6CDF37008A8A91 /* ImageLoaderSpy.swift */,
			);
			path = Mocks;
			sourceTree = "<group>";
		};
/* End PBXGroup section */

/* Begin PBXNativeTarget section */
		994279CF2B6B4086008A8A91 /* KinopoiskClient */ = {
			isa = PBXNativeTarget;
			buildConfigurationList = 994279FA2B6B408A008A8A91 /* Build configuration list for PBXNativeTarget "KinopoiskClient" */;
			buildPhases = (
				994279CC2B6B4086008A8A91 /* Sources */,
				994279CD2B6B4086008A8A91 /* Frameworks */,
				994279CE2B6B4086008A8A91 /* Resources */,
			);
			buildRules = (
			);
			dependencies = (
			);
			name = KinopoiskClient;
			productName = KinopoiskClient;
			productReference = 994279D02B6B4086008A8A91 /* KinopoiskClient.app */;
			productType = "com.apple.product-type.application";
		};
		994279E52B6B408A008A8A91 /* KinopoiskClientTests */ = {
			isa = PBXNativeTarget;
			buildConfigurationList = 994279FD2B6B408A008A8A91 /* Build configuration list for PBXNativeTarget "KinopoiskClientTests" */;
			buildPhases = (
				994279E22B6B408A008A8A91 /* Sources */,
				994279E32B6B408A008A8A91 /* Frameworks */,
				994279E42B6B408A008A8A91 /* Resources */,
			);
			buildRules = (
			);
			dependencies = (
				994279E82B6B408A008A8A91 /* PBXTargetDependency */,
			);
			name = KinopoiskClientTests;
			productName = KinopoiskClientTests;
			productReference = 994279E62B6B408A008A8A91 /* KinopoiskClientTests.xctest */;
			productType = "com.apple.product-type.bundle.unit-test";
		};
/* End PBXNativeTarget section */

/* Begin PBXProject section */
		994279C82B6B4086008A8A91 /* Project object */ = {
			isa = PBXProject;
			attributes = {
				BuildIndependentTargetsInParallel = 1;
				LastSwiftUpdateCheck = 1520;
				LastUpgradeCheck = 1520;
				TargetAttributes = {
					994279CF2B6B4086008A8A91 = {
						CreatedOnToolsVersion = 15.2;
					};
					994279E52B6B408A008A8A91 = {
						CreatedOnToolsVersion = 15.2;
						TestTargetID = 994279CF2B6B4086008A8A91;
					};
				};
			};
			buildConfigurationList = 994279CB2B6B4086008A8A91 /* Build configuration list for PBXProject "KinopoiskClient" */;
			compatibilityVersion = "Xcode 14.0";
			developmentRegion = en;
			hasScannedForEncodings = 0;
			knownRegions = (
				en,
				Base,
			);
			mainGroup = 994279C72B6B4086008A8A91;
			productRefGroup = 994279D12B6B4086008A8A91 /* Products */;
			projectDirPath = "";
			projectRoot = "";
			targets = (
				994279CF2B6B4086008A8A91 /* KinopoiskClient */,
				994279E52B6B408A008A8A91 /* KinopoiskClientTests */,
			);
		};
/* End PBXProject section */

/* Begin PBXResourcesBuildPhase section */
		994279CE2B6B4086008A8A91 /* Resources */ = {
			isa = PBXResourcesBuildPhase;
			buildActionMask = 2147483647;
			files = (
				994279E02B6B408A008A8A91 /* LaunchScreen.storyboard in Resources */,
				99427A302B6B5026008A8A91 /* APIKey.plist in Resources */,
				994279DD2B6B408A008A8A91 /* Assets.xcassets in Resources */,
				994279DB2B6B4086008A8A91 /* Main.storyboard in Resources */,
			);
			runOnlyForDeploymentPostprocessing = 0;
		};
		994279E42B6B408A008A8A91 /* Resources */ = {
			isa = PBXResourcesBuildPhase;
			buildActionMask = 2147483647;
			files = (
			);
			runOnlyForDeploymentPostprocessing = 0;
		};
/* End PBXResourcesBuildPhase section */

/* Begin PBXSourcesBuildPhase section */
		994279CC2B6B4086008A8A91 /* Sources */ = {
			isa = PBXSourcesBuildPhase;
			buildActionMask = 2147483647;
			files = (
				99427A142B6B4565008A8A91 /* URLSessionHTTPClient.swift in Sources */,
				99427A2A2B6B4FFC008A8A91 /* KinopoiskDefaults.swift in Sources */,
				99427A1D2B6B46DB008A8A91 /* FilmCellViewModel.swift in Sources */,
				99427A2F2B6B5026008A8A91 /* APIKeyReader.swift in Sources */,
				99427A382B6B50DB008A8A91 /* CompactDictionaryRepresentable.swift in Sources */,
				99427A0F2B6B4491008A8A91 /* ServiceError.swift in Sources */,
				99427A372B6B50DB008A8A91 /* FilmsRequest.swift in Sources */,
				99427A362B6B50DB008A8A91 /* SearchFilmsRequest.swift in Sources */,
				99427A442B6B82AE008A8A91 /* RemoteImageLoader.swift in Sources */,
				99427A252B6B4CAF008A8A91 /* RemoteFilmsService.swift in Sources */,
				99427A152B6B4565008A8A91 /* HTTPClient.swift in Sources */,
				99427A282B6B4CE0008A8A91 /* FilmsService.swift in Sources */,
				99427A0A2B6B4458008A8A91 /* FilmResponse.swift in Sources */,
				99427A492B6CBC38008A8A91 /* CacheImageLoader.swift in Sources */,
				99427A0C2B6B446B008A8A91 /* FilmsMapper.swift in Sources */,
				99427A1A2B6B464A008A8A91 /* Film.swift in Sources */,
				994279D82B6B4086008A8A91 /* FilmsListViewController.swift in Sources */,
				99427A1F2B6B4701008A8A91 /* FilmCellView.swift in Sources */,
				994279D42B6B4086008A8A91 /* AppDelegate.swift in Sources */,
				99427A2C2B6B500A008A8A91 /* FilmsAPIEndpoint.swift in Sources */,
				99427A182B6B459E008A8A91 /* HTTPURLResponse+StatusCode.swift in Sources */,
				99427A212B6B4744008A8A91 /* FilmsListViewModel.swift in Sources */,
				99427A4C2B6CBC68008A8A91 /* FileCache.swift in Sources */,
				994279D62B6B4086008A8A91 /* SceneDelegate.swift in Sources */,
			);
			runOnlyForDeploymentPostprocessing = 0;
		};
		994279E22B6B408A008A8A91 /* Sources */ = {
			isa = PBXSourcesBuildPhase;
			buildActionMask = 2147483647;
			files = (
				99427A4E2B6CDF22008A8A91 /* SharedTestHelpers.swift in Sources */,
				99427A552B6CDF38008A8A91 /* URLProtocolStub.swift in Sources */,
				99427A3B2B6B6493008A8A91 /* FilmsServiceEndToEndTests.swift in Sources */,
				99427A592B6CDF79008A8A91 /* CacheImageLoaderTests.swift in Sources */,
				99427A3F2B6B653F008A8A91 /* XCTestCase+MemoryLeakTracking.swift in Sources */,
				99427A562B6CDF38008A8A91 /* MockFileCache.swift in Sources */,
				99427A572B6CDF38008A8A91 /* ImageLoaderSpy.swift in Sources */,
				994279EB2B6B408A008A8A91 /* KinopoiskClientTests.swift in Sources */,
				99427A542B6CDF38008A8A91 /* HTTPClientSpy.swift in Sources */,
			);
			runOnlyForDeploymentPostprocessing = 0;
		};
/* End PBXSourcesBuildPhase section */

/* Begin PBXTargetDependency section */
		994279E82B6B408A008A8A91 /* PBXTargetDependency */ = {
			isa = PBXTargetDependency;
			target = 994279CF2B6B4086008A8A91 /* KinopoiskClient */;
			targetProxy = 994279E72B6B408A008A8A91 /* PBXContainerItemProxy */;
		};
/* End PBXTargetDependency section */

/* Begin PBXVariantGroup section */
		994279D92B6B4086008A8A91 /* Main.storyboard */ = {
			isa = PBXVariantGroup;
			children = (
				994279DA2B6B4086008A8A91 /* Base */,
			);
			name = Main.storyboard;
			sourceTree = "<group>";
		};
		994279DE2B6B408A008A8A91 /* LaunchScreen.storyboard */ = {
			isa = PBXVariantGroup;
			children = (
				994279DF2B6B408A008A8A91 /* Base */,
			);
			name = LaunchScreen.storyboard;
			sourceTree = "<group>";
		};
/* End PBXVariantGroup section */

/* Begin XCBuildConfiguration section */
		994279F82B6B408A008A8A91 /* Debug */ = {
			isa = XCBuildConfiguration;
			buildSettings = {
				ALWAYS_SEARCH_USER_PATHS = NO;
				ASSETCATALOG_COMPILER_GENERATE_SWIFT_ASSET_SYMBOL_EXTENSIONS = YES;
				CLANG_ANALYZER_NONNULL = YES;
				CLANG_ANALYZER_NUMBER_OBJECT_CONVERSION = YES_AGGRESSIVE;
				CLANG_CXX_LANGUAGE_STANDARD = "gnu++20";
				CLANG_ENABLE_MODULES = YES;
				CLANG_ENABLE_OBJC_ARC = YES;
				CLANG_ENABLE_OBJC_WEAK = YES;
				CLANG_WARN_BLOCK_CAPTURE_AUTORELEASING = YES;
				CLANG_WARN_BOOL_CONVERSION = YES;
				CLANG_WARN_COMMA = YES;
				CLANG_WARN_CONSTANT_CONVERSION = YES;
				CLANG_WARN_DEPRECATED_OBJC_IMPLEMENTATIONS = YES;
				CLANG_WARN_DIRECT_OBJC_ISA_USAGE = YES_ERROR;
				CLANG_WARN_DOCUMENTATION_COMMENTS = YES;
				CLANG_WARN_EMPTY_BODY = YES;
				CLANG_WARN_ENUM_CONVERSION = YES;
				CLANG_WARN_INFINITE_RECURSION = YES;
				CLANG_WARN_INT_CONVERSION = YES;
				CLANG_WARN_NON_LITERAL_NULL_CONVERSION = YES;
				CLANG_WARN_OBJC_IMPLICIT_RETAIN_SELF = YES;
				CLANG_WARN_OBJC_LITERAL_CONVERSION = YES;
				CLANG_WARN_OBJC_ROOT_CLASS = YES_ERROR;
				CLANG_WARN_QUOTED_INCLUDE_IN_FRAMEWORK_HEADER = YES;
				CLANG_WARN_RANGE_LOOP_ANALYSIS = YES;
				CLANG_WARN_STRICT_PROTOTYPES = YES;
				CLANG_WARN_SUSPICIOUS_MOVE = YES;
				CLANG_WARN_UNGUARDED_AVAILABILITY = YES_AGGRESSIVE;
				CLANG_WARN_UNREACHABLE_CODE = YES;
				CLANG_WARN__DUPLICATE_METHOD_MATCH = YES;
				COPY_PHASE_STRIP = NO;
				DEBUG_INFORMATION_FORMAT = dwarf;
				ENABLE_STRICT_OBJC_MSGSEND = YES;
				ENABLE_TESTABILITY = YES;
				ENABLE_USER_SCRIPT_SANDBOXING = YES;
				GCC_C_LANGUAGE_STANDARD = gnu17;
				GCC_DYNAMIC_NO_PIC = NO;
				GCC_NO_COMMON_BLOCKS = YES;
				GCC_OPTIMIZATION_LEVEL = 0;
				GCC_PREPROCESSOR_DEFINITIONS = (
					"DEBUG=1",
					"$(inherited)",
				);
				GCC_WARN_64_TO_32_BIT_CONVERSION = YES;
				GCC_WARN_ABOUT_RETURN_TYPE = YES_ERROR;
				GCC_WARN_UNDECLARED_SELECTOR = YES;
				GCC_WARN_UNINITIALIZED_AUTOS = YES_AGGRESSIVE;
				GCC_WARN_UNUSED_FUNCTION = YES;
				GCC_WARN_UNUSED_VARIABLE = YES;
				INFOPLIST_FILE = KinopoiskClient/General/Info.plist;
				IPHONEOS_DEPLOYMENT_TARGET = 16;
				LOCALIZATION_PREFERS_STRING_CATALOGS = YES;
				MTL_ENABLE_DEBUG_INFO = INCLUDE_SOURCE;
				MTL_FAST_MATH = YES;
				ONLY_ACTIVE_ARCH = YES;
				SDKROOT = iphoneos;
				SWIFT_ACTIVE_COMPILATION_CONDITIONS = "DEBUG $(inherited)";
				SWIFT_OPTIMIZATION_LEVEL = "-Onone";
			};
			name = Debug;
		};
		994279F92B6B408A008A8A91 /* Release */ = {
			isa = XCBuildConfiguration;
			buildSettings = {
				ALWAYS_SEARCH_USER_PATHS = NO;
				ASSETCATALOG_COMPILER_GENERATE_SWIFT_ASSET_SYMBOL_EXTENSIONS = YES;
				CLANG_ANALYZER_NONNULL = YES;
				CLANG_ANALYZER_NUMBER_OBJECT_CONVERSION = YES_AGGRESSIVE;
				CLANG_CXX_LANGUAGE_STANDARD = "gnu++20";
				CLANG_ENABLE_MODULES = YES;
				CLANG_ENABLE_OBJC_ARC = YES;
				CLANG_ENABLE_OBJC_WEAK = YES;
				CLANG_WARN_BLOCK_CAPTURE_AUTORELEASING = YES;
				CLANG_WARN_BOOL_CONVERSION = YES;
				CLANG_WARN_COMMA = YES;
				CLANG_WARN_CONSTANT_CONVERSION = YES;
				CLANG_WARN_DEPRECATED_OBJC_IMPLEMENTATIONS = YES;
				CLANG_WARN_DIRECT_OBJC_ISA_USAGE = YES_ERROR;
				CLANG_WARN_DOCUMENTATION_COMMENTS = YES;
				CLANG_WARN_EMPTY_BODY = YES;
				CLANG_WARN_ENUM_CONVERSION = YES;
				CLANG_WARN_INFINITE_RECURSION = YES;
				CLANG_WARN_INT_CONVERSION = YES;
				CLANG_WARN_NON_LITERAL_NULL_CONVERSION = YES;
				CLANG_WARN_OBJC_IMPLICIT_RETAIN_SELF = YES;
				CLANG_WARN_OBJC_LITERAL_CONVERSION = YES;
				CLANG_WARN_OBJC_ROOT_CLASS = YES_ERROR;
				CLANG_WARN_QUOTED_INCLUDE_IN_FRAMEWORK_HEADER = YES;
				CLANG_WARN_RANGE_LOOP_ANALYSIS = YES;
				CLANG_WARN_STRICT_PROTOTYPES = YES;
				CLANG_WARN_SUSPICIOUS_MOVE = YES;
				CLANG_WARN_UNGUARDED_AVAILABILITY = YES_AGGRESSIVE;
				CLANG_WARN_UNREACHABLE_CODE = YES;
				CLANG_WARN__DUPLICATE_METHOD_MATCH = YES;
				COPY_PHASE_STRIP = NO;
				DEBUG_INFORMATION_FORMAT = "dwarf-with-dsym";
				ENABLE_NS_ASSERTIONS = NO;
				ENABLE_STRICT_OBJC_MSGSEND = YES;
				ENABLE_USER_SCRIPT_SANDBOXING = YES;
				GCC_C_LANGUAGE_STANDARD = gnu17;
				GCC_NO_COMMON_BLOCKS = YES;
				GCC_WARN_64_TO_32_BIT_CONVERSION = YES;
				GCC_WARN_ABOUT_RETURN_TYPE = YES_ERROR;
				GCC_WARN_UNDECLARED_SELECTOR = YES;
				GCC_WARN_UNINITIALIZED_AUTOS = YES_AGGRESSIVE;
				GCC_WARN_UNUSED_FUNCTION = YES;
				GCC_WARN_UNUSED_VARIABLE = YES;
				INFOPLIST_FILE = KinopoiskClient/General/Info.plist;
				IPHONEOS_DEPLOYMENT_TARGET = 16;
				LOCALIZATION_PREFERS_STRING_CATALOGS = YES;
				MTL_ENABLE_DEBUG_INFO = NO;
				MTL_FAST_MATH = YES;
				SDKROOT = iphoneos;
				SWIFT_COMPILATION_MODE = wholemodule;
				VALIDATE_PRODUCT = YES;
			};
			name = Release;
		};
		994279FB2B6B408A008A8A91 /* Debug */ = {
			isa = XCBuildConfiguration;
			buildSettings = {
				ASSETCATALOG_COMPILER_APPICON_NAME = AppIcon;
				ASSETCATALOG_COMPILER_GLOBAL_ACCENT_COLOR_NAME = AccentColor;
				CODE_SIGN_STYLE = Automatic;
				CURRENT_PROJECT_VERSION = 1;
				DEVELOPMENT_TEAM = WJ4DT67S8G;
				GENERATE_INFOPLIST_FILE = YES;
				INFOPLIST_FILE = KinopoiskClient/General/Info.plist;
				INFOPLIST_KEY_UIApplicationSupportsIndirectInputEvents = YES;
				INFOPLIST_KEY_UILaunchStoryboardName = LaunchScreen;
				INFOPLIST_KEY_UIMainStoryboardFile = Main;
				INFOPLIST_KEY_UISupportedInterfaceOrientations_iPad = "UIInterfaceOrientationPortrait UIInterfaceOrientationPortraitUpsideDown UIInterfaceOrientationLandscapeLeft UIInterfaceOrientationLandscapeRight";
				INFOPLIST_KEY_UISupportedInterfaceOrientations_iPhone = "UIInterfaceOrientationPortrait UIInterfaceOrientationLandscapeLeft UIInterfaceOrientationLandscapeRight";
				IPHONEOS_DEPLOYMENT_TARGET = 16;
				LD_RUNPATH_SEARCH_PATHS = (
					"$(inherited)",
					"@executable_path/Frameworks",
				);
				MARKETING_VERSION = 1.0;
				PRODUCT_BUNDLE_IDENTIFIER = com.toto.KinopoiskClient;
				PRODUCT_NAME = "$(TARGET_NAME)";
				SWIFT_EMIT_LOC_STRINGS = YES;
				SWIFT_VERSION = 5.0;
				TARGETED_DEVICE_FAMILY = "1,2";
			};
			name = Debug;
		};
		994279FC2B6B408A008A8A91 /* Release */ = {
			isa = XCBuildConfiguration;
			buildSettings = {
				ASSETCATALOG_COMPILER_APPICON_NAME = AppIcon;
				ASSETCATALOG_COMPILER_GLOBAL_ACCENT_COLOR_NAME = AccentColor;
				CODE_SIGN_STYLE = Automatic;
				CURRENT_PROJECT_VERSION = 1;
				DEVELOPMENT_TEAM = WJ4DT67S8G;
				GENERATE_INFOPLIST_FILE = YES;
				INFOPLIST_FILE = KinopoiskClient/General/Info.plist;
				INFOPLIST_KEY_UIApplicationSupportsIndirectInputEvents = YES;
				INFOPLIST_KEY_UILaunchStoryboardName = LaunchScreen;
				INFOPLIST_KEY_UIMainStoryboardFile = Main;
				INFOPLIST_KEY_UISupportedInterfaceOrientations_iPad = "UIInterfaceOrientationPortrait UIInterfaceOrientationPortraitUpsideDown UIInterfaceOrientationLandscapeLeft UIInterfaceOrientationLandscapeRight";
				INFOPLIST_KEY_UISupportedInterfaceOrientations_iPhone = "UIInterfaceOrientationPortrait UIInterfaceOrientationLandscapeLeft UIInterfaceOrientationLandscapeRight";
				IPHONEOS_DEPLOYMENT_TARGET = 16;
				LD_RUNPATH_SEARCH_PATHS = (
					"$(inherited)",
					"@executable_path/Frameworks",
				);
				MARKETING_VERSION = 1.0;
				PRODUCT_BUNDLE_IDENTIFIER = com.toto.KinopoiskClient;
				PRODUCT_NAME = "$(TARGET_NAME)";
				SWIFT_EMIT_LOC_STRINGS = YES;
				SWIFT_VERSION = 5.0;
				TARGETED_DEVICE_FAMILY = "1,2";
			};
			name = Release;
		};
		994279FE2B6B408A008A8A91 /* Debug */ = {
			isa = XCBuildConfiguration;
			buildSettings = {
				ALWAYS_EMBED_SWIFT_STANDARD_LIBRARIES = YES;
				BUNDLE_LOADER = "$(TEST_HOST)";
				CODE_SIGN_STYLE = Automatic;
				CURRENT_PROJECT_VERSION = 1;
				DEVELOPMENT_TEAM = WJ4DT67S8G;
				GENERATE_INFOPLIST_FILE = YES;
				IPHONEOS_DEPLOYMENT_TARGET = 17.2;
				MARKETING_VERSION = 1.0;
				PRODUCT_BUNDLE_IDENTIFIER = com.toto.KinopoiskClientTests;
				PRODUCT_NAME = "$(TARGET_NAME)";
				SWIFT_EMIT_LOC_STRINGS = NO;
				SWIFT_VERSION = 5.0;
				TARGETED_DEVICE_FAMILY = "1,2";
				TEST_HOST = "$(BUILT_PRODUCTS_DIR)/KinopoiskClient.app/$(BUNDLE_EXECUTABLE_FOLDER_PATH)/KinopoiskClient";
			};
			name = Debug;
		};
		994279FF2B6B408A008A8A91 /* Release */ = {
			isa = XCBuildConfiguration;
			buildSettings = {
				ALWAYS_EMBED_SWIFT_STANDARD_LIBRARIES = YES;
				BUNDLE_LOADER = "$(TEST_HOST)";
				CODE_SIGN_STYLE = Automatic;
				CURRENT_PROJECT_VERSION = 1;
				DEVELOPMENT_TEAM = WJ4DT67S8G;
				GENERATE_INFOPLIST_FILE = YES;
				IPHONEOS_DEPLOYMENT_TARGET = 17.2;
				MARKETING_VERSION = 1.0;
				PRODUCT_BUNDLE_IDENTIFIER = com.toto.KinopoiskClientTests;
				PRODUCT_NAME = "$(TARGET_NAME)";
				SWIFT_EMIT_LOC_STRINGS = NO;
				SWIFT_VERSION = 5.0;
				TARGETED_DEVICE_FAMILY = "1,2";
				TEST_HOST = "$(BUILT_PRODUCTS_DIR)/KinopoiskClient.app/$(BUNDLE_EXECUTABLE_FOLDER_PATH)/KinopoiskClient";
			};
			name = Release;
		};
/* End XCBuildConfiguration section */

/* Begin XCConfigurationList section */
		994279CB2B6B4086008A8A91 /* Build configuration list for PBXProject "KinopoiskClient" */ = {
			isa = XCConfigurationList;
			buildConfigurations = (
				994279F82B6B408A008A8A91 /* Debug */,
				994279F92B6B408A008A8A91 /* Release */,
			);
			defaultConfigurationIsVisible = 0;
			defaultConfigurationName = Release;
		};
		994279FA2B6B408A008A8A91 /* Build configuration list for PBXNativeTarget "KinopoiskClient" */ = {
			isa = XCConfigurationList;
			buildConfigurations = (
				994279FB2B6B408A008A8A91 /* Debug */,
				994279FC2B6B408A008A8A91 /* Release */,
			);
			defaultConfigurationIsVisible = 0;
			defaultConfigurationName = Release;
		};
		994279FD2B6B408A008A8A91 /* Build configuration list for PBXNativeTarget "KinopoiskClientTests" */ = {
			isa = XCConfigurationList;
			buildConfigurations = (
				994279FE2B6B408A008A8A91 /* Debug */,
				994279FF2B6B408A008A8A91 /* Release */,
			);
			defaultConfigurationIsVisible = 0;
			defaultConfigurationName = Release;
		};
/* End XCConfigurationList section */
	};
	rootObject = 994279C82B6B4086008A8A91 /* Project object */;
}
